
Microsoft Visual Studio Solution File, Format Version 12.00
# Visual Studio Version 16
VisualStudioVersion = 16.0.30413.136
MinimumVisualStudioVersion = 10.0.40219.1
Project("{FAE04EC0-301F-11D3-BF4B-00C04F79EFBC}") = "PocSpeechService", "PocSpeechService.csproj", "{5056C2B5-F25E-4F61-A407-1F607E09BB09}"
EndProject
Global
	GlobalSection(SolutionConfigurationPlatforms) = preSolution
		Debug|Any CPU = Debug|Any CPU
		Release|Any CPU = Release|Any CPU
	EndGlobalSection
	GlobalSection(ProjectConfigurationPlatforms) = postSolution
		{5056C2B5-F25E-4F61-A407-1F607E09BB09}.Debug|Any CPU.ActiveCfg = Debug|Any CPU
		{5056C2B5-F25E-4F61-A407-1F607E09BB09}.Debug|Any CPU.Build.0 = Debug|Any CPU
		{5056C2B5-F25E-4F61-A407-1F607E09BB09}.Release|Any CPU.ActiveCfg = Release|Any CPU
		{5056C2B5-F25E-4F61-A407-1F607E09BB09}.Release|Any CPU.Build.0 = Release|Any CPU
	EndGlobalSection
	GlobalSection(SolutionProperties) = preSolution
		HideSolutionNode = FALSE
	EndGlobalSection
	GlobalSection(ExtensibilityGlobals) = postSolution
		SolutionGuid = {872FC565-1B70-4C60-A516-94F9D152A42D}
	EndGlobalSection
EndGlobal
