
Microsoft Visual Studio Solution File, Format Version 12.00
# Visual Studio Version 16
VisualStudioVersion = 16.0.30503.244
MinimumVisualStudioVersion = 10.0.40219.1
Project("{FAE04EC0-301F-11D3-BF4B-00C04F79EFBC}") = "TalkLoggerWinform", "TalkLoggerWinform.csproj", "{CC112708-BEA9-47C3-9BC5-29B6EBC3DFEE}"
EndProject
Project("{2150E333-8FDC-42A3-9474-1A3956D46DE8}") = "Solution Items", "Solution Items", "{57DDB121-E7E0-4735-87B7-12053ED25B03}"
	ProjectSection(SolutionItems) = preProject
		.editorconfig = .editorconfig
	EndProjectSection
EndProject
Global
	GlobalSection(SolutionConfigurationPlatforms) = preSolution
		Debug|Any CPU = Debug|Any CPU
		Debug|x86 = Debug|x86
		Release|Any CPU = Release|Any CPU
		Release|x86 = Release|x86
	EndGlobalSection
	GlobalSection(ProjectConfigurationPlatforms) = postSolution
		{CC112708-BEA9-47C3-9BC5-29B6EBC3DFEE}.Debug|Any CPU.ActiveCfg = Debug|Any CPU
		{CC112708-BEA9-47C3-9BC5-29B6EBC3DFEE}.Debug|Any CPU.Build.0 = Debug|Any CPU
		{CC112708-BEA9-47C3-9BC5-29B6EBC3DFEE}.Debug|x86.ActiveCfg = Debug|x86
		{CC112708-BEA9-47C3-9BC5-29B6EBC3DFEE}.Debug|x86.Build.0 = Debug|x86
		{CC112708-BEA9-47C3-9BC5-29B6EBC3DFEE}.Release|Any CPU.ActiveCfg = Release|Any CPU
		{CC112708-BEA9-47C3-9BC5-29B6EBC3DFEE}.Release|Any CPU.Build.0 = Release|Any CPU
		{CC112708-BEA9-47C3-9BC5-29B6EBC3DFEE}.Release|x86.ActiveCfg = Release|x86
		{CC112708-BEA9-47C3-9BC5-29B6EBC3DFEE}.Release|x86.Build.0 = Release|x86
	EndGlobalSection
	GlobalSection(SolutionProperties) = preSolution
		HideSolutionNode = FALSE
	EndGlobalSection
	GlobalSection(ExtensibilityGlobals) = postSolution
		SolutionGuid = {06015AC3-D1D0-403C-8286-12020DC5E2BA}
	EndGlobalSection
EndGlobal
